{
  "name": "@schlarpc/nix-aws-cdk",
  "version": "1",
  "lockfileVersion": 3,
  "requires": true,
  "packages": {
    "": {
      "name": "@schlarpc/nix-aws-cdk",
      "version": "1",
      "dependencies": {
        "aws-cdk": "^2.1106.1"
      },
      "bin": {
        "cdk": "node_modules/aws-cdk/bin/cdk"
      }
    },
    "node_modules/aws-cdk": {
      "version": "2.1106.1",
      "resolved": "https://registry.npmjs.org/aws-cdk/-/aws-cdk-2.1106.1.tgz",
      "integrity": "sha512-oSKAvM6a5dVNb+OZoLyjLe2rIkG6URVRHN+cOUZM9uEScYDYPn2KpOQ1iGofH6szsJp76GqQqpiwEpaYXrIHmw==",
      "license": "Apache-2.0",
      "bin": {
        "cdk": "bin/cdk"
      },
      "engines": {
        "node": ">= 18.0.0"
      }
    }
  }
}
