{
  "name": "@schlarpc/nix-aws-cdk",
  "version": "1",
  "lockfileVersion": 3,
  "requires": true,
  "packages": {
    "": {
      "name": "@schlarpc/nix-aws-cdk",
      "version": "1",
      "dependencies": {
        "aws-cdk": "^2.1118.1"
      },
      "bin": {
        "cdk": "node_modules/aws-cdk/bin/cdk"
      }
    },
    "node_modules/aws-cdk": {
      "version": "2.1118.1",
      "resolved": "https://registry.npmjs.org/aws-cdk/-/aws-cdk-2.1118.1.tgz",
      "integrity": "sha512-6vr9WyWO8wYryOyjmjN5LiQc3IvskG4Fqfyx8qHz94/c2q7NK2NCX9m4fkTLEg9B3gt0yyQkd885CHYpWhdr9g==",
      "license": "Apache-2.0",
      "bin": {
        "cdk": "bin/cdk"
      },
      "engines": {
        "node": ">= 18.0.0"
      }
    }
  }
}
