{
  "name": "@schlarpc/nix-aws-cdk",
  "version": "1",
  "lockfileVersion": 3,
  "requires": true,
  "packages": {
    "": {
      "name": "@schlarpc/nix-aws-cdk",
      "version": "1",
      "dependencies": {
        "aws-cdk": "^2.1115.1"
      },
      "bin": {
        "cdk": "node_modules/aws-cdk/bin/cdk"
      }
    },
    "node_modules/aws-cdk": {
      "version": "2.1115.1",
      "resolved": "https://registry.npmjs.org/aws-cdk/-/aws-cdk-2.1115.1.tgz",
      "integrity": "sha512-6vvSuHTq5FKClXIIXXvbmdYkzG+I6Ij80iXyg3Oky3+FZn+lYgYlM3RCS9gLWyJLhgcOhwB8jQpy6593OlbQcw==",
      "license": "Apache-2.0",
      "bin": {
        "cdk": "bin/cdk"
      },
      "engines": {
        "node": ">= 18.0.0"
      }
    }
  }
}
